
Microsoft Visual Studio Solution File, Format Version 12.00
# Visual Studio Version 17
VisualStudioVersion = 17.0.31903.59
MinimumVisualStudioVersion = 10.0.40219.1
Project("{2150E333-8FDC-42A3-9474-1A3956D46DE8}") = "src", "src", "{08139C8E-7F08-43CE-81BF-532FB1137E03}"
EndProject
Project("{FAE04EC0-301F-11D3-BF4B-00C04F79EFBC}") = "AiTuner.Core", "src\AiTuner.Core\AiTuner.Core.csproj", "{9B0666AA-BA62-4927-A63C-92DE70D73B56}"
EndProject
Project("{FAE04EC0-301F-11D3-BF4B-00C04F79EFBC}") = "AiTuner.Cli", "src\AiTuner.Cli\AiTuner.Cli.csproj", "{B3DF2878-BA2D-41F8-BA66-FB89D9E5DDD9}"
EndProject
Project("{FAE04EC0-301F-11D3-BF4B-00C04F79EFBC}") = "AiTuner.App", "src\AiTuner.App\AiTuner.App.csproj", "{2083C9C1-0020-4AA5-A95C-E21DE899258C}"
EndProject
Global
	GlobalSection(SolutionConfigurationPlatforms) = preSolution
		Debug|Any CPU = Debug|Any CPU
		Release|Any CPU = Release|Any CPU
	EndGlobalSection
	GlobalSection(SolutionProperties) = preSolution
		HideSolutionNode = FALSE
	EndGlobalSection
	GlobalSection(ProjectConfigurationPlatforms) = postSolution
		{9B0666AA-BA62-4927-A63C-92DE70D73B56}.Debug|Any CPU.ActiveCfg = Debug|Any CPU
		{9B0666AA-BA62-4927-A63C-92DE70D73B56}.Debug|Any CPU.Build.0 = Debug|Any CPU
		{9B0666AA-BA62-4927-A63C-92DE70D73B56}.Release|Any CPU.ActiveCfg = Release|Any CPU
		{9B0666AA-BA62-4927-A63C-92DE70D73B56}.Release|Any CPU.Build.0 = Release|Any CPU
		{B3DF2878-BA2D-41F8-BA66-FB89D9E5DDD9}.Debug|Any CPU.ActiveCfg = Debug|Any CPU
		{B3DF2878-BA2D-41F8-BA66-FB89D9E5DDD9}.Debug|Any CPU.Build.0 = Debug|Any CPU
		{B3DF2878-BA2D-41F8-BA66-FB89D9E5DDD9}.Release|Any CPU.ActiveCfg = Release|Any CPU
		{B3DF2878-BA2D-41F8-BA66-FB89D9E5DDD9}.Release|Any CPU.Build.0 = Release|Any CPU
		{2083C9C1-0020-4AA5-A95C-E21DE899258C}.Debug|Any CPU.ActiveCfg = Debug|Any CPU
		{2083C9C1-0020-4AA5-A95C-E21DE899258C}.Debug|Any CPU.Build.0 = Debug|Any CPU
		{2083C9C1-0020-4AA5-A95C-E21DE899258C}.Release|Any CPU.ActiveCfg = Release|Any CPU
		{2083C9C1-0020-4AA5-A95C-E21DE899258C}.Release|Any CPU.Build.0 = Release|Any CPU
	EndGlobalSection
	GlobalSection(NestedProjects) = preSolution
		{9B0666AA-BA62-4927-A63C-92DE70D73B56} = {08139C8E-7F08-43CE-81BF-532FB1137E03}
		{B3DF2878-BA2D-41F8-BA66-FB89D9E5DDD9} = {08139C8E-7F08-43CE-81BF-532FB1137E03}
		{2083C9C1-0020-4AA5-A95C-E21DE899258C} = {08139C8E-7F08-43CE-81BF-532FB1137E03}
	EndGlobalSection
EndGlobal
